// !$*UTF8*$!
{
	archiveVersion = 1;
	classes = {
	};
	objectVersion = 56;
	objects = {

/* Begin PBXBuildFile section */
		B7D5DAB72C752DDB00C7C496 /* LandmarksApp.swift in Sources */ = {isa = PBXBuildFile; fileRef = B7D5DAB62C752DDB00C7C496 /* LandmarksApp.swift */; };
		B7D5DAB92C752DDB00C7C496 /* ContentView.swift in Sources */ = {isa = PBXBuildFile; fileRef = B7D5DAB82C752DDB00C7C496 /* ContentView.swift */; };
		B7D5DABB2C752DDC00C7C496 /* Assets.xcassets in Resources */ = {isa = PBXBuildFile; fileRef = B7D5DABA2C752DDC00C7C496 /* Assets.xcassets */; };
		B7D5DABE2C752DDC00C7C496 /* Preview Assets.xcassets in Resources */ = {isa = PBXBuildFile; fileRef = B7D5DABD2C752DDC00C7C496 /* Preview Assets.xcassets */; };
		B7D5DAC82C752DDC00C7C496 /* LandmarksTests.swift in Sources */ = {isa = PBXBuildFile; fileRef = B7D5DAC72C752DDC00C7C496 /* LandmarksTests.swift */; };
		B7D5DAD22C752DDC00C7C496 /* LandmarksUITests.swift in Sources */ = {isa = PBXBuildFile; fileRef = B7D5DAD12C752DDC00C7C496 /* LandmarksUITests.swift */; };
		B7D5DAD42C752DDC00C7C496 /* LandmarksUITestsLaunchTests.swift in Sources */ = {isa = PBXBuildFile; fileRef = B7D5DAD32C752DDC00C7C496 /* LandmarksUITestsLaunchTests.swift */; };
		B7D5DB392C753F5700C7C496 /* LandmarkList.swift in Sources */ = {isa = PBXBuildFile; fileRef = B7D5DB382C753F5700C7C496 /* LandmarkList.swift */; };
		B7D5DB3B2C753F9200C7C496 /* LandmarkRow.swift in Sources */ = {isa = PBXBuildFile; fileRef = B7D5DB3A2C753F9200C7C496 /* LandmarkRow.swift */; };
		B7D5DB3D2C75401C00C7C496 /* Landmark.swift in Sources */ = {isa = PBXBuildFile; fileRef = B7D5DB3C2C75401C00C7C496 /* Landmark.swift */; };
		B7D5DB3F2C7540FD00C7C496 /* landmarkData.json in Resources */ = {isa = PBXBuildFile; fileRef = B7D5DB3E2C7540FD00C7C496 /* landmarkData.json */; };
		B7D5DB412C75413100C7C496 /* ModelData.swift in Sources */ = {isa = PBXBuildFile; fileRef = B7D5DB402C75413100C7C496 /* ModelData.swift */; };
		B7D5DB462C7543EE00C7C496 /* LandmarkDetail.swift in Sources */ = {isa = PBXBuildFile; fileRef = B7D5DB452C7543EE00C7C496 /* LandmarkDetail.swift */; };
		B7D5DB482C75455D00C7C496 /* MapView.swift in Sources */ = {isa = PBXBuildFile; fileRef = B7D5DB472C75455D00C7C496 /* MapView.swift */; };
		B7D5DB4A2C7545AC00C7C496 /* CircleImage.swift in Sources */ = {isa = PBXBuildFile; fileRef = B7D5DB492C7545AC00C7C496 /* CircleImage.swift */; };
		B7D5DB4C2C75538E00C7C496 /* FavoriteButton.swift in Sources */ = {isa = PBXBuildFile; fileRef = B7D5DB4B2C75538E00C7C496 /* FavoriteButton.swift */; };
		B7D5DB502C75560A00C7C496 /* HexagonParameters.swift in Sources */ = {isa = PBXBuildFile; fileRef = B7D5DB4F2C75560A00C7C496 /* HexagonParameters.swift */; };
		B7D5DB522C75567200C7C496 /* BadgeBackground.swift in Sources */ = {isa = PBXBuildFile; fileRef = B7D5DB512C75567200C7C496 /* BadgeBackground.swift */; };
		B7D5DB542C75604C00C7C496 /* BadgeSymbol.swift in Sources */ = {isa = PBXBuildFile; fileRef = B7D5DB532C75604C00C7C496 /* BadgeSymbol.swift */; };
		B7D5DB562C7560CA00C7C496 /* RotatedBadgeSymbol.swift in Sources */ = {isa = PBXBuildFile; fileRef = B7D5DB552C7560CA00C7C496 /* RotatedBadgeSymbol.swift */; };
		B7D5DB592C75611200C7C496 /* Badge.swift in Sources */ = {isa = PBXBuildFile; fileRef = B7D5DB582C75611200C7C496 /* Badge.swift */; };
		B7D5DB5B2C7561F500C7C496 /* Hike.swift in Sources */ = {isa = PBXBuildFile; fileRef = B7D5DB5A2C7561F500C7C496 /* Hike.swift */; };
		B7D5DB5D2C7562B400C7C496 /* hikeData.json in Resources */ = {isa = PBXBuildFile; fileRef = B7D5DB5C2C7562B400C7C496 /* hikeData.json */; };
		B7D5DB632C7562F700C7C496 /* GraphCapsule.swift in Sources */ = {isa = PBXBuildFile; fileRef = B7D5DB5E2C7562F700C7C496 /* GraphCapsule.swift */; };
		B7D5DB642C7562F700C7C496 /* HikeDetail.swift in Sources */ = {isa = PBXBuildFile; fileRef = B7D5DB5F2C7562F700C7C496 /* HikeDetail.swift */; };
		B7D5DB652C7562F700C7C496 /* HikeGraph.swift in Sources */ = {isa = PBXBuildFile; fileRef = B7D5DB602C7562F700C7C496 /* HikeGraph.swift */; };
		B7D5DB662C7562F700C7C496 /* HikeView.swift in Sources */ = {isa = PBXBuildFile; fileRef = B7D5DB612C7562F700C7C496 /* HikeView.swift */; };
/* End PBXBuildFile section */

/* Begin PBXContainerItemProxy section */
		B7D5DAC42C752DDC00C7C496 /* PBXContainerItemProxy */ = {
			isa = PBXContainerItemProxy;
			containerPortal = B7D5DAAB2C752DDB00C7C496 /* Project object */;
			proxyType = 1;
			remoteGlobalIDString = B7D5DAB22C752DDB00C7C496;
			remoteInfo = Landmarks;
		};
		B7D5DACE2C752DDC00C7C496 /* PBXContainerItemProxy */ = {
			isa = PBXContainerItemProxy;
			containerPortal = B7D5DAAB2C752DDB00C7C496 /* Project object */;
			proxyType = 1;
			remoteGlobalIDString = B7D5DAB22C752DDB00C7C496;
			remoteInfo = Landmarks;
		};
/* End PBXContainerItemProxy section */

/* Begin PBXFileReference section */
		B7D5DAB32C752DDB00C7C496 /* Landmarks.app */ = {isa = PBXFileReference; explicitFileType = wrapper.application; includeInIndex = 0; path = Landmarks.app; sourceTree = BUILT_PRODUCTS_DIR; };
		B7D5DAB62C752DDB00C7C496 /* LandmarksApp.swift */ = {isa = PBXFileReference; lastKnownFileType = sourcecode.swift; path = LandmarksApp.swift; sourceTree = "<group>"; };
		B7D5DAB82C752DDB00C7C496 /* ContentView.swift */ = {isa = PBXFileReference; lastKnownFileType = sourcecode.swift; path = ContentView.swift; sourceTree = "<group>"; };
		B7D5DABA2C752DDC00C7C496 /* Assets.xcassets */ = {isa = PBXFileReference; lastKnownFileType = folder.assetcatalog; path = Assets.xcassets; sourceTree = "<group>"; };
		B7D5DABD2C752DDC00C7C496 /* Preview Assets.xcassets */ = {isa = PBXFileReference; lastKnownFileType = folder.assetcatalog; path = "Preview Assets.xcassets"; sourceTree = "<group>"; };
		B7D5DAC32C752DDC00C7C496 /* LandmarksTests.xctest */ = {isa = PBXFileReference; explicitFileType = wrapper.cfbundle; includeInIndex = 0; path = LandmarksTests.xctest; sourceTree = BUILT_PRODUCTS_DIR; };
		B7D5DAC72C752DDC00C7C496 /* LandmarksTests.swift */ = {isa = PBXFileReference; lastKnownFileType = sourcecode.swift; path = LandmarksTests.swift; sourceTree = "<group>"; };
		B7D5DACD2C752DDC00C7C496 /* LandmarksUITests.xctest */ = {isa = PBXFileReference; explicitFileType = wrapper.cfbundle; includeInIndex = 0; path = LandmarksUITests.xctest; sourceTree = BUILT_PRODUCTS_DIR; };
		B7D5DAD12C752DDC00C7C496 /* LandmarksUITests.swift */ = {isa = PBXFileReference; lastKnownFileType = sourcecode.swift; path = LandmarksUITests.swift; sourceTree = "<group>"; };
		B7D5DAD32C752DDC00C7C496 /* LandmarksUITestsLaunchTests.swift */ = {isa = PBXFileReference; lastKnownFileType = sourcecode.swift; path = LandmarksUITestsLaunchTests.swift; sourceTree = "<group>"; };
		B7D5DB382C753F5700C7C496 /* LandmarkList.swift */ = {isa = PBXFileReference; lastKnownFileType = sourcecode.swift; path = LandmarkList.swift; sourceTree = "<group>"; };
		B7D5DB3A2C753F9200C7C496 /* LandmarkRow.swift */ = {isa = PBXFileReference; lastKnownFileType = sourcecode.swift; path = LandmarkRow.swift; sourceTree = "<group>"; };
		B7D5DB3C2C75401C00C7C496 /* Landmark.swift */ = {isa = PBXFileReference; lastKnownFileType = sourcecode.swift; path = Landmark.swift; sourceTree = "<group>"; };
		B7D5DB3E2C7540FD00C7C496 /* landmarkData.json */ = {isa = PBXFileReference; fileEncoding = 4; lastKnownFileType = text.json; path = landmarkData.json; sourceTree = "<group>"; };
		B7D5DB402C75413100C7C496 /* ModelData.swift */ = {isa = PBXFileReference; lastKnownFileType = sourcecode.swift; path = ModelData.swift; sourceTree = "<group>"; };
		B7D5DB452C7543EE00C7C496 /* LandmarkDetail.swift */ = {isa = PBXFileReference; lastKnownFileType = sourcecode.swift; path = LandmarkDetail.swift; sourceTree = "<group>"; };
		B7D5DB472C75455D00C7C496 /* MapView.swift */ = {isa = PBXFileReference; lastKnownFileType = sourcecode.swift; path = MapView.swift; sourceTree = "<group>"; };
		B7D5DB492C7545AC00C7C496 /* CircleImage.swift */ = {isa = PBXFileReference; lastKnownFileType = sourcecode.swift; path = CircleImage.swift; sourceTree = "<group>"; };
		B7D5DB4B2C75538E00C7C496 /* FavoriteButton.swift */ = {isa = PBXFileReference; lastKnownFileType = sourcecode.swift; path = FavoriteButton.swift; sourceTree = "<group>"; };
		B7D5DB4F2C75560A00C7C496 /* HexagonParameters.swift */ = {isa = PBXFileReference; lastKnownFileType = sourcecode.swift; path = HexagonParameters.swift; sourceTree = "<group>"; };
		B7D5DB512C75567200C7C496 /* BadgeBackground.swift */ = {isa = PBXFileReference; lastKnownFileType = sourcecode.swift; path = BadgeBackground.swift; sourceTree = "<group>"; };
		B7D5DB532C75604C00C7C496 /* BadgeSymbol.swift */ = {isa = PBXFileReference; lastKnownFileType = sourcecode.swift; path = BadgeSymbol.swift; sourceTree = "<group>"; };
		B7D5DB552C7560CA00C7C496 /* RotatedBadgeSymbol.swift */ = {isa = PBXFileReference; lastKnownFileType = sourcecode.swift; path = RotatedBadgeSymbol.swift; sourceTree = "<group>"; };
		B7D5DB582C75611200C7C496 /* Badge.swift */ = {isa = PBXFileReference; lastKnownFileType = sourcecode.swift; path = Badge.swift; sourceTree = "<group>"; };
		B7D5DB5A2C7561F500C7C496 /* Hike.swift */ = {isa = PBXFileReference; lastKnownFileType = sourcecode.swift; path = Hike.swift; sourceTree = "<group>"; };
		B7D5DB5C2C7562B400C7C496 /* hikeData.json */ = {isa = PBXFileReference; fileEncoding = 4; lastKnownFileType = text.json; path = hikeData.json; sourceTree = "<group>"; };
		B7D5DB5E2C7562F700C7C496 /* GraphCapsule.swift */ = {isa = PBXFileReference; fileEncoding = 4; lastKnownFileType = sourcecode.swift; path = GraphCapsule.swift; sourceTree = "<group>"; };
		B7D5DB5F2C7562F700C7C496 /* HikeDetail.swift */ = {isa = PBXFileReference; fileEncoding = 4; lastKnownFileType = sourcecode.swift; path = HikeDetail.swift; sourceTree = "<group>"; };
		B7D5DB602C7562F700C7C496 /* HikeGraph.swift */ = {isa = PBXFileReference; fileEncoding = 4; lastKnownFileType = sourcecode.swift; path = HikeGraph.swift; sourceTree = "<group>"; };
		B7D5DB612C7562F700C7C496 /* HikeView.swift */ = {isa = PBXFileReference; fileEncoding = 4; lastKnownFileType = sourcecode.swift; path = HikeView.swift; sourceTree = "<group>"; };
/* End PBXFileReference section */

/* Begin PBXFrameworksBuildPhase section */
		B7D5DAB02C752DDB00C7C496 /* Frameworks */ = {
			isa = PBXFrameworksBuildPhase;
			buildActionMask = 2147483647;
			files = (
			);
			runOnlyForDeploymentPostprocessing = 0;
		};
		B7D5DAC02C752DDC00C7C496 /* Frameworks */ = {
			isa = PBXFrameworksBuildPhase;
			buildActionMask = 2147483647;
			files = (
			);
			runOnlyForDeploymentPostprocessing = 0;
		};
		B7D5DACA2C752DDC00C7C496 /* Frameworks */ = {
			isa = PBXFrameworksBuildPhase;
			buildActionMask = 2147483647;
			files = (
			);
			runOnlyForDeploymentPostprocessing = 0;
		};
/* End PBXFrameworksBuildPhase section */

/* Begin PBXGroup section */
		B7D5DAAA2C752DDB00C7C496 = {
			isa = PBXGroup;
			children = (
				B7D5DAB52C752DDB00C7C496 /* Landmarks */,
				B7D5DAC62C752DDC00C7C496 /* LandmarksTests */,
				B7D5DAD02C752DDC00C7C496 /* LandmarksUITests */,
				B7D5DAB42C752DDB00C7C496 /* Products */,
			);
			sourceTree = "<group>";
		};
		B7D5DAB42C752DDB00C7C496 /* Products */ = {
			isa = PBXGroup;
			children = (
				B7D5DAB32C752DDB00C7C496 /* Landmarks.app */,
				B7D5DAC32C752DDC00C7C496 /* LandmarksTests.xctest */,
				B7D5DACD2C752DDC00C7C496 /* LandmarksUITests.xctest */,
			);
			name = Products;
			sourceTree = "<group>";
		};
		B7D5DAB52C752DDB00C7C496 /* Landmarks */ = {
			isa = PBXGroup;
			children = (
				B7D5DB442C7543CC00C7C496 /* Resources */,
				B7D5DB432C7543BF00C7C496 /* Data */,
				B7D5DB422C75436700C7C496 /* Views */,
				B7D5DAB62C752DDB00C7C496 /* LandmarksApp.swift */,
				B7D5DABA2C752DDC00C7C496 /* Assets.xcassets */,
				B7D5DABC2C752DDC00C7C496 /* Preview Content */,
			);
			path = Landmarks;
			sourceTree = "<group>";
		};
		B7D5DABC2C752DDC00C7C496 /* Preview Content */ = {
			isa = PBXGroup;
			children = (
				B7D5DABD2C752DDC00C7C496 /* Preview Assets.xcassets */,
			);
			path = "Preview Content";
			sourceTree = "<group>";
		};
		B7D5DAC62C752DDC00C7C496 /* LandmarksTests */ = {
			isa = PBXGroup;
			children = (
				B7D5DAC72C752DDC00C7C496 /* LandmarksTests.swift */,
			);
			path = LandmarksTests;
			sourceTree = "<group>";
		};
		B7D5DAD02C752DDC00C7C496 /* LandmarksUITests */ = {
			isa = PBXGroup;
			children = (
				B7D5DAD12C752DDC00C7C496 /* LandmarksUITests.swift */,
				B7D5DAD32C752DDC00C7C496 /* LandmarksUITestsLaunchTests.swift */,
			);
			path = LandmarksUITests;
			sourceTree = "<group>";
		};
		B7D5DB422C75436700C7C496 /* Views */ = {
			isa = PBXGroup;
			children = (
				B7D5DB622C7562F700C7C496 /* Hikes */,
				B7D5DB572C7560F900C7C496 /* Badges */,
				B7D5DB4E2C75546200C7C496 /* Components */,
				B7D5DB4D2C75544900C7C496 /* Landmarks */,
				B7D5DAB82C752DDB00C7C496 /* ContentView.swift */,
			);
			path = Views;
			sourceTree = "<group>";
		};
		B7D5DB432C7543BF00C7C496 /* Data */ = {
			isa = PBXGroup;
			children = (
				B7D5DB3C2C75401C00C7C496 /* Landmark.swift */,
				B7D5DB4F2C75560A00C7C496 /* HexagonParameters.swift */,
				B7D5DB512C75567200C7C496 /* BadgeBackground.swift */,
				B7D5DB402C75413100C7C496 /* ModelData.swift */,
				B7D5DB5A2C7561F500C7C496 /* Hike.swift */,
			);
			path = Data;
			sourceTree = "<group>";
		};
		B7D5DB442C7543CC00C7C496 /* Resources */ = {
			isa = PBXGroup;
			children = (
				B7D5DB5C2C7562B400C7C496 /* hikeData.json */,
				B7D5DB3E2C7540FD00C7C496 /* landmarkData.json */,
			);
			path = Resources;
			sourceTree = "<group>";
		};
		B7D5DB4D2C75544900C7C496 /* Landmarks */ = {
			isa = PBXGroup;
			children = (
				B7D5DB3A2C753F9200C7C496 /* LandmarkRow.swift */,
				B7D5DB382C753F5700C7C496 /* LandmarkList.swift */,
				B7D5DB452C7543EE00C7C496 /* LandmarkDetail.swift */,
			);
			path = Landmarks;
			sourceTree = "<group>";
		};
		B7D5DB4E2C75546200C7C496 /* Components */ = {
			isa = PBXGroup;
			children = (
				B7D5DB472C75455D00C7C496 /* MapView.swift */,
				B7D5DB4B2C75538E00C7C496 /* FavoriteButton.swift */,
				B7D5DB492C7545AC00C7C496 /* CircleImage.swift */,
			);
			path = Components;
			sourceTree = "<group>";
		};
		B7D5DB572C7560F900C7C496 /* Badges */ = {
			isa = PBXGroup;
			children = (
				B7D5DB532C75604C00C7C496 /* BadgeSymbol.swift */,
				B7D5DB552C7560CA00C7C496 /* RotatedBadgeSymbol.swift */,
				B7D5DB582C75611200C7C496 /* Badge.swift */,
			);
			path = Badges;
			sourceTree = "<group>";
		};
		B7D5DB622C7562F700C7C496 /* Hikes */ = {
			isa = PBXGroup;
			children = (
				B7D5DB5E2C7562F700C7C496 /* GraphCapsule.swift */,
				B7D5DB5F2C7562F700C7C496 /* HikeDetail.swift */,
				B7D5DB602C7562F700C7C496 /* HikeGraph.swift */,
				B7D5DB612C7562F700C7C496 /* HikeView.swift */,
			);
			path = Hikes;
			sourceTree = "<group>";
		};
/* End PBXGroup section */

/* Begin PBXNativeTarget section */
		B7D5DAB22C752DDB00C7C496 /* Landmarks */ = {
			isa = PBXNativeTarget;
			buildConfigurationList = B7D5DAD72C752DDC00C7C496 /* Build configuration list for PBXNativeTarget "Landmarks" */;
			buildPhases = (
				B7D5DAAF2C752DDB00C7C496 /* Sources */,
				B7D5DAB02C752DDB00C7C496 /* Frameworks */,
				B7D5DAB12C752DDB00C7C496 /* Resources */,
			);
			buildRules = (
			);
			dependencies = (
			);
			name = Landmarks;
			productName = Landmarks;
			productReference = B7D5DAB32C752DDB00C7C496 /* Landmarks.app */;
			productType = "com.apple.product-type.application";
		};
		B7D5DAC22C752DDC00C7C496 /* LandmarksTests */ = {
			isa = PBXNativeTarget;
			buildConfigurationList = B7D5DADA2C752DDC00C7C496 /* Build configuration list for PBXNativeTarget "LandmarksTests" */;
			buildPhases = (
				B7D5DABF2C752DDC00C7C496 /* Sources */,
				B7D5DAC02C752DDC00C7C496 /* Frameworks */,
				B7D5DAC12C752DDC00C7C496 /* Resources */,
			);
			buildRules = (
			);
			dependencies = (
				B7D5DAC52C752DDC00C7C496 /* PBXTargetDependency */,
			);
			name = LandmarksTests;
			productName = LandmarksTests;
			productReference = B7D5DAC32C752DDC00C7C496 /* LandmarksTests.xctest */;
			productType = "com.apple.product-type.bundle.unit-test";
		};
		B7D5DACC2C752DDC00C7C496 /* LandmarksUITests */ = {
			isa = PBXNativeTarget;
			buildConfigurationList = B7D5DADD2C752DDC00C7C496 /* Build configuration list for PBXNativeTarget "LandmarksUITests" */;
			buildPhases = (
				B7D5DAC92C752DDC00C7C496 /* Sources */,
				B7D5DACA2C752DDC00C7C496 /* Frameworks */,
				B7D5DACB2C752DDC00C7C496 /* Resources */,
			);
			buildRules = (
			);
			dependencies = (
				B7D5DACF2C752DDC00C7C496 /* PBXTargetDependency */,
			);
			name = LandmarksUITests;
			productName = LandmarksUITests;
			productReference = B7D5DACD2C752DDC00C7C496 /* LandmarksUITests.xctest */;
			productType = "com.apple.product-type.bundle.ui-testing";
		};
/* End PBXNativeTarget section */

/* Begin PBXProject section */
		B7D5DAAB2C752DDB00C7C496 /* Project object */ = {
			isa = PBXProject;
			attributes = {
				BuildIndependentTargetsInParallel = 1;
				LastSwiftUpdateCheck = 1540;
				LastUpgradeCheck = 1540;
				TargetAttributes = {
					B7D5DAB22C752DDB00C7C496 = {
						CreatedOnToolsVersion = 15.4;
					};
					B7D5DAC22C752DDC00C7C496 = {
						CreatedOnToolsVersion = 15.4;
						TestTargetID = B7D5DAB22C752DDB00C7C496;
					};
					B7D5DACC2C752DDC00C7C496 = {
						CreatedOnToolsVersion = 15.4;
						TestTargetID = B7D5DAB22C752DDB00C7C496;
					};
				};
			};
			buildConfigurationList = B7D5DAAE2C752DDB00C7C496 /* Build configuration list for PBXProject "Landmarks" */;
			compatibilityVersion = "Xcode 14.0";
			developmentRegion = en;
			hasScannedForEncodings = 0;
			knownRegions = (
				en,
				Base,
			);
			mainGroup = B7D5DAAA2C752DDB00C7C496;
			productRefGroup = B7D5DAB42C752DDB00C7C496 /* Products */;
			projectDirPath = "";
			projectRoot = "";
			targets = (
				B7D5DAB22C752DDB00C7C496 /* Landmarks */,
				B7D5DAC22C752DDC00C7C496 /* LandmarksTests */,
				B7D5DACC2C752DDC00C7C496 /* LandmarksUITests */,
			);
		};
/* End PBXProject section */

/* Begin PBXResourcesBuildPhase section */
		B7D5DAB12C752DDB00C7C496 /* Resources */ = {
			isa = PBXResourcesBuildPhase;
			buildActionMask = 2147483647;
			files = (
				B7D5DB5D2C7562B400C7C496 /* hikeData.json in Resources */,
				B7D5DABE2C752DDC00C7C496 /* Preview Assets.xcassets in Resources */,
				B7D5DABB2C752DDC00C7C496 /* Assets.xcassets in Resources */,
				B7D5DB3F2C7540FD00C7C496 /* landmarkData.json in Resources */,
			);
			runOnlyForDeploymentPostprocessing = 0;
		};
		B7D5DAC12C752DDC00C7C496 /* Resources */ = {
			isa = PBXResourcesBuildPhase;
			buildActionMask = 2147483647;
			files = (
			);
			runOnlyForDeploymentPostprocessing = 0;
		};
		B7D5DACB2C752DDC00C7C496 /* Resources */ = {
			isa = PBXResourcesBuildPhase;
			buildActionMask = 2147483647;
			files = (
			);
			runOnlyForDeploymentPostprocessing = 0;
		};
/* End PBXResourcesBuildPhase section */

/* Begin PBXSourcesBuildPhase section */
		B7D5DAAF2C752DDB00C7C496 /* Sources */ = {
			isa = PBXSourcesBuildPhase;
			buildActionMask = 2147483647;
			files = (
				B7D5DAB92C752DDB00C7C496 /* ContentView.swift in Sources */,
				B7D5DB592C75611200C7C496 /* Badge.swift in Sources */,
				B7D5DB482C75455D00C7C496 /* MapView.swift in Sources */,
				B7D5DB632C7562F700C7C496 /* GraphCapsule.swift in Sources */,
				B7D5DB652C7562F700C7C496 /* HikeGraph.swift in Sources */,
				B7D5DB392C753F5700C7C496 /* LandmarkList.swift in Sources */,
				B7D5DB4C2C75538E00C7C496 /* FavoriteButton.swift in Sources */,
				B7D5DB502C75560A00C7C496 /* HexagonParameters.swift in Sources */,
				B7D5DB5B2C7561F500C7C496 /* Hike.swift in Sources */,
				B7D5DB562C7560CA00C7C496 /* RotatedBadgeSymbol.swift in Sources */,
				B7D5DB542C75604C00C7C496 /* BadgeSymbol.swift in Sources */,
				B7D5DB3B2C753F9200C7C496 /* LandmarkRow.swift in Sources */,
				B7D5DB642C7562F700C7C496 /* HikeDetail.swift in Sources */,
				B7D5DB662C7562F700C7C496 /* HikeView.swift in Sources */,
				B7D5DAB72C752DDB00C7C496 /* LandmarksApp.swift in Sources */,
				B7D5DB522C75567200C7C496 /* BadgeBackground.swift in Sources */,
				B7D5DB4A2C7545AC00C7C496 /* CircleImage.swift in Sources */,
				B7D5DB3D2C75401C00C7C496 /* Landmark.swift in Sources */,
				B7D5DB412C75413100C7C496 /* ModelData.swift in Sources */,
				B7D5DB462C7543EE00C7C496 /* LandmarkDetail.swift in Sources */,
			);
			runOnlyForDeploymentPostprocessing = 0;
		};
		B7D5DABF2C752DDC00C7C496 /* Sources */ = {
			isa = PBXSourcesBuildPhase;
			buildActionMask = 2147483647;
			files = (
				B7D5DAC82C752DDC00C7C496 /* LandmarksTests.swift in Sources */,
			);
			runOnlyForDeploymentPostprocessing = 0;
		};
		B7D5DAC92C752DDC00C7C496 /* Sources */ = {
			isa = PBXSourcesBuildPhase;
			buildActionMask = 2147483647;
			files = (
				B7D5DAD42C752DDC00C7C496 /* LandmarksUITestsLaunchTests.swift in Sources */,
				B7D5DAD22C752DDC00C7C496 /* LandmarksUITests.swift in Sources */,
			);
			runOnlyForDeploymentPostprocessing = 0;
		};
/* End PBXSourcesBuildPhase section */

/* Begin PBXTargetDependency section */
		B7D5DAC52C752DDC00C7C496 /* PBXTargetDependency */ = {
			isa = PBXTargetDependency;
			target = B7D5DAB22C752DDB00C7C496 /* Landmarks */;
			targetProxy = B7D5DAC42C752DDC00C7C496 /* PBXContainerItemProxy */;
		};
		B7D5DACF2C752DDC00C7C496 /* PBXTargetDependency */ = {
			isa = PBXTargetDependency;
			target = B7D5DAB22C752DDB00C7C496 /* Landmarks */;
			targetProxy = B7D5DACE2C752DDC00C7C496 /* PBXContainerItemProxy */;
		};
/* End PBXTargetDependency section */

/* Begin XCBuildConfiguration section */
		B7D5DAD52C752DDC00C7C496 /* Debug */ = {
			isa = XCBuildConfiguration;
			buildSettings = {
				ALWAYS_SEARCH_USER_PATHS = NO;
				ASSETCATALOG_COMPILER_GENERATE_SWIFT_ASSET_SYMBOL_EXTENSIONS = YES;
				CLANG_ANALYZER_NONNULL = YES;
				CLANG_ANALYZER_NUMBER_OBJECT_CONVERSION = YES_AGGRESSIVE;
				CLANG_CXX_LANGUAGE_STANDARD = "gnu++20";
				CLANG_ENABLE_MODULES = YES;
				CLANG_ENABLE_OBJC_ARC = YES;
				CLANG_ENABLE_OBJC_WEAK = YES;
				CLANG_WARN_BLOCK_CAPTURE_AUTORELEASING = YES;
				CLANG_WARN_BOOL_CONVERSION = YES;
				CLANG_WARN_COMMA = YES;
				CLANG_WARN_CONSTANT_CONVERSION = YES;
				CLANG_WARN_DEPRECATED_OBJC_IMPLEMENTATIONS = YES;
				CLANG_WARN_DIRECT_OBJC_ISA_USAGE = YES_ERROR;
				CLANG_WARN_DOCUMENTATION_COMMENTS = YES;
				CLANG_WARN_EMPTY_BODY = YES;
				CLANG_WARN_ENUM_CONVERSION = YES;
				CLANG_WARN_INFINITE_RECURSION = YES;
				CLANG_WARN_INT_CONVERSION = YES;
				CLANG_WARN_NON_LITERAL_NULL_CONVERSION = YES;
				CLANG_WARN_OBJC_IMPLICIT_RETAIN_SELF = YES;
				CLANG_WARN_OBJC_LITERAL_CONVERSION = YES;
				CLANG_WARN_OBJC_ROOT_CLASS = YES_ERROR;
				CLANG_WARN_QUOTED_INCLUDE_IN_FRAMEWORK_HEADER = YES;
				CLANG_WARN_RANGE_LOOP_ANALYSIS = YES;
				CLANG_WARN_STRICT_PROTOTYPES = YES;
				CLANG_WARN_SUSPICIOUS_MOVE = YES;
				CLANG_WARN_UNGUARDED_AVAILABILITY = YES_AGGRESSIVE;
				CLANG_WARN_UNREACHABLE_CODE = YES;
				CLANG_WARN__DUPLICATE_METHOD_MATCH = YES;
				COPY_PHASE_STRIP = NO;
				DEBUG_INFORMATION_FORMAT = dwarf;
				ENABLE_STRICT_OBJC_MSGSEND = YES;
				ENABLE_TESTABILITY = YES;
				ENABLE_USER_SCRIPT_SANDBOXING = YES;
				GCC_C_LANGUAGE_STANDARD = gnu17;
				GCC_DYNAMIC_NO_PIC = NO;
				GCC_NO_COMMON_BLOCKS = YES;
				GCC_OPTIMIZATION_LEVEL = 0;
				GCC_PREPROCESSOR_DEFINITIONS = (
					"DEBUG=1",
					"$(inherited)",
				);
				GCC_WARN_64_TO_32_BIT_CONVERSION = YES;
				GCC_WARN_ABOUT_RETURN_TYPE = YES_ERROR;
				GCC_WARN_UNDECLARED_SELECTOR = YES;
				GCC_WARN_UNINITIALIZED_AUTOS = YES_AGGRESSIVE;
				GCC_WARN_UNUSED_FUNCTION = YES;
				GCC_WARN_UNUSED_VARIABLE = YES;
				IPHONEOS_DEPLOYMENT_TARGET = 17.5;
				LOCALIZATION_PREFERS_STRING_CATALOGS = YES;
				MTL_ENABLE_DEBUG_INFO = INCLUDE_SOURCE;
				MTL_FAST_MATH = YES;
				ONLY_ACTIVE_ARCH = YES;
				SDKROOT = iphoneos;
				SWIFT_ACTIVE_COMPILATION_CONDITIONS = "DEBUG $(inherited)";
				SWIFT_OPTIMIZATION_LEVEL = "-Onone";
			};
			name = Debug;
		};
		B7D5DAD62C752DDC00C7C496 /* Release */ = {
			isa = XCBuildConfiguration;
			buildSettings = {
				ALWAYS_SEARCH_USER_PATHS = NO;
				ASSETCATALOG_COMPILER_GENERATE_SWIFT_ASSET_SYMBOL_EXTENSIONS = YES;
				CLANG_ANALYZER_NONNULL = YES;
				CLANG_ANALYZER_NUMBER_OBJECT_CONVERSION = YES_AGGRESSIVE;
				CLANG_CXX_LANGUAGE_STANDARD = "gnu++20";
				CLANG_ENABLE_MODULES = YES;
				CLANG_ENABLE_OBJC_ARC = YES;
				CLANG_ENABLE_OBJC_WEAK = YES;
				CLANG_WARN_BLOCK_CAPTURE_AUTORELEASING = YES;
				CLANG_WARN_BOOL_CONVERSION = YES;
				CLANG_WARN_COMMA = YES;
				CLANG_WARN_CONSTANT_CONVERSION = YES;
				CLANG_WARN_DEPRECATED_OBJC_IMPLEMENTATIONS = YES;
				CLANG_WARN_DIRECT_OBJC_ISA_USAGE = YES_ERROR;
				CLANG_WARN_DOCUMENTATION_COMMENTS = YES;
				CLANG_WARN_EMPTY_BODY = YES;
				CLANG_WARN_ENUM_CONVERSION = YES;
				CLANG_WARN_INFINITE_RECURSION = YES;
				CLANG_WARN_INT_CONVERSION = YES;
				CLANG_WARN_NON_LITERAL_NULL_CONVERSION = YES;
				CLANG_WARN_OBJC_IMPLICIT_RETAIN_SELF = YES;
				CLANG_WARN_OBJC_LITERAL_CONVERSION = YES;
				CLANG_WARN_OBJC_ROOT_CLASS = YES_ERROR;
				CLANG_WARN_QUOTED_INCLUDE_IN_FRAMEWORK_HEADER = YES;
				CLANG_WARN_RANGE_LOOP_ANALYSIS = YES;
				CLANG_WARN_STRICT_PROTOTYPES = YES;
				CLANG_WARN_SUSPICIOUS_MOVE = YES;
				CLANG_WARN_UNGUARDED_AVAILABILITY = YES_AGGRESSIVE;
				CLANG_WARN_UNREACHABLE_CODE = YES;
				CLANG_WARN__DUPLICATE_METHOD_MATCH = YES;
				COPY_PHASE_STRIP = NO;
				DEBUG_INFORMATION_FORMAT = "dwarf-with-dsym";
				ENABLE_NS_ASSERTIONS = NO;
				ENABLE_STRICT_OBJC_MSGSEND = YES;
				ENABLE_USER_SCRIPT_SANDBOXING = YES;
				GCC_C_LANGUAGE_STANDARD = gnu17;
				GCC_NO_COMMON_BLOCKS = YES;
				GCC_WARN_64_TO_32_BIT_CONVERSION = YES;
				GCC_WARN_ABOUT_RETURN_TYPE = YES_ERROR;
				GCC_WARN_UNDECLARED_SELECTOR = YES;
				GCC_WARN_UNINITIALIZED_AUTOS = YES_AGGRESSIVE;
				GCC_WARN_UNUSED_FUNCTION = YES;
				GCC_WARN_UNUSED_VARIABLE = YES;
				IPHONEOS_DEPLOYMENT_TARGET = 17.5;
				LOCALIZATION_PREFERS_STRING_CATALOGS = YES;
				MTL_ENABLE_DEBUG_INFO = NO;
				MTL_FAST_MATH = YES;
				SDKROOT = iphoneos;
				SWIFT_COMPILATION_MODE = wholemodule;
				VALIDATE_PRODUCT = YES;
			};
			name = Release;
		};
		B7D5DAD82C752DDC00C7C496 /* Debug */ = {
			isa = XCBuildConfiguration;
			buildSettings = {
				ASSETCATALOG_COMPILER_APPICON_NAME = AppIcon;
				ASSETCATALOG_COMPILER_GLOBAL_ACCENT_COLOR_NAME = AccentColor;
				CODE_SIGN_STYLE = Automatic;
				CURRENT_PROJECT_VERSION = 1;
				DEVELOPMENT_ASSET_PATHS = "\"Landmarks/Preview Content\"";
				DEVELOPMENT_TEAM = 275WZ44CB7;
				ENABLE_PREVIEWS = YES;
				GENERATE_INFOPLIST_FILE = YES;
				INFOPLIST_KEY_UIApplicationSceneManifest_Generation = YES;
				INFOPLIST_KEY_UIApplicationSupportsIndirectInputEvents = YES;
				INFOPLIST_KEY_UILaunchScreen_Generation = YES;
				INFOPLIST_KEY_UISupportedInterfaceOrientations_iPad = "UIInterfaceOrientationPortrait UIInterfaceOrientationPortraitUpsideDown UIInterfaceOrientationLandscapeLeft UIInterfaceOrientationLandscapeRight";
				INFOPLIST_KEY_UISupportedInterfaceOrientations_iPhone = "UIInterfaceOrientationPortrait UIInterfaceOrientationLandscapeLeft UIInterfaceOrientationLandscapeRight";
				LD_RUNPATH_SEARCH_PATHS = (
					"$(inherited)",
					"@executable_path/Frameworks",
				);
				MARKETING_VERSION = 1.0;
				PRODUCT_BUNDLE_IDENTIFIER = com.dpecoraro.Landmarks;
				PRODUCT_NAME = "$(TARGET_NAME)";
				SWIFT_EMIT_LOC_STRINGS = YES;
				SWIFT_VERSION = 5.0;
				TARGETED_DEVICE_FAMILY = "1,2";
			};
			name = Debug;
		};
		B7D5DAD92C752DDC00C7C496 /* Release */ = {
			isa = XCBuildConfiguration;
			buildSettings = {
				ASSETCATALOG_COMPILER_APPICON_NAME = AppIcon;
				ASSETCATALOG_COMPILER_GLOBAL_ACCENT_COLOR_NAME = AccentColor;
				CODE_SIGN_STYLE = Automatic;
				CURRENT_PROJECT_VERSION = 1;
				DEVELOPMENT_ASSET_PATHS = "\"Landmarks/Preview Content\"";
				DEVELOPMENT_TEAM = 275WZ44CB7;
				ENABLE_PREVIEWS = YES;
				GENERATE_INFOPLIST_FILE = YES;
				INFOPLIST_KEY_UIApplicationSceneManifest_Generation = YES;
				INFOPLIST_KEY_UIApplicationSupportsIndirectInputEvents = YES;
				INFOPLIST_KEY_UILaunchScreen_Generation = YES;
				INFOPLIST_KEY_UISupportedInterfaceOrientations_iPad = "UIInterfaceOrientationPortrait UIInterfaceOrientationPortraitUpsideDown UIInterfaceOrientationLandscapeLeft UIInterfaceOrientationLandscapeRight";
				INFOPLIST_KEY_UISupportedInterfaceOrientations_iPhone = "UIInterfaceOrientationPortrait UIInterfaceOrientationLandscapeLeft UIInterfaceOrientationLandscapeRight";
				LD_RUNPATH_SEARCH_PATHS = (
					"$(inherited)",
					"@executable_path/Frameworks",
				);
				MARKETING_VERSION = 1.0;
				PRODUCT_BUNDLE_IDENTIFIER = com.dpecoraro.Landmarks;
				PRODUCT_NAME = "$(TARGET_NAME)";
				SWIFT_EMIT_LOC_STRINGS = YES;
				SWIFT_VERSION = 5.0;
				TARGETED_DEVICE_FAMILY = "1,2";
			};
			name = Release;
		};
		B7D5DADB2C752DDC00C7C496 /* Debug */ = {
			isa = XCBuildConfiguration;
			buildSettings = {
				ALWAYS_EMBED_SWIFT_STANDARD_LIBRARIES = YES;
				BUNDLE_LOADER = "$(TEST_HOST)";
				CODE_SIGN_STYLE = Automatic;
				CURRENT_PROJECT_VERSION = 1;
				DEVELOPMENT_TEAM = 275WZ44CB7;
				GENERATE_INFOPLIST_FILE = YES;
				IPHONEOS_DEPLOYMENT_TARGET = 17.5;
				MARKETING_VERSION = 1.0;
				PRODUCT_BUNDLE_IDENTIFIER = com.dpecoraro.LandmarksTests;
				PRODUCT_NAME = "$(TARGET_NAME)";
				SWIFT_EMIT_LOC_STRINGS = NO;
				SWIFT_VERSION = 5.0;
				TARGETED_DEVICE_FAMILY = "1,2";
				TEST_HOST = "$(BUILT_PRODUCTS_DIR)/Landmarks.app/$(BUNDLE_EXECUTABLE_FOLDER_PATH)/Landmarks";
			};
			name = Debug;
		};
		B7D5DADC2C752DDC00C7C496 /* Release */ = {
			isa = XCBuildConfiguration;
			buildSettings = {
				ALWAYS_EMBED_SWIFT_STANDARD_LIBRARIES = YES;
				BUNDLE_LOADER = "$(TEST_HOST)";
				CODE_SIGN_STYLE = Automatic;
				CURRENT_PROJECT_VERSION = 1;
				DEVELOPMENT_TEAM = 275WZ44CB7;
				GENERATE_INFOPLIST_FILE = YES;
				IPHONEOS_DEPLOYMENT_TARGET = 17.5;
				MARKETING_VERSION = 1.0;
				PRODUCT_BUNDLE_IDENTIFIER = com.dpecoraro.LandmarksTests;
				PRODUCT_NAME = "$(TARGET_NAME)";
				SWIFT_EMIT_LOC_STRINGS = NO;
				SWIFT_VERSION = 5.0;
				TARGETED_DEVICE_FAMILY = "1,2";
				TEST_HOST = "$(BUILT_PRODUCTS_DIR)/Landmarks.app/$(BUNDLE_EXECUTABLE_FOLDER_PATH)/Landmarks";
			};
			name = Release;
		};
		B7D5DADE2C752DDC00C7C496 /* Debug */ = {
			isa = XCBuildConfiguration;
			buildSettings = {
				ALWAYS_EMBED_SWIFT_STANDARD_LIBRARIES = YES;
				CODE_SIGN_STYLE = Automatic;
				CURRENT_PROJECT_VERSION = 1;
				DEVELOPMENT_TEAM = 275WZ44CB7;
				GENERATE_INFOPLIST_FILE = YES;
				MARKETING_VERSION = 1.0;
				PRODUCT_BUNDLE_IDENTIFIER = com.dpecoraro.LandmarksUITests;
				PRODUCT_NAME = "$(TARGET_NAME)";
				SWIFT_EMIT_LOC_STRINGS = NO;
				SWIFT_VERSION = 5.0;
				TARGETED_DEVICE_FAMILY = "1,2";
				TEST_TARGET_NAME = Landmarks;
			};
			name = Debug;
		};
		B7D5DADF2C752DDC00C7C496 /* Release */ = {
			isa = XCBuildConfiguration;
			buildSettings = {
				ALWAYS_EMBED_SWIFT_STANDARD_LIBRARIES = YES;
				CODE_SIGN_STYLE = Automatic;
				CURRENT_PROJECT_VERSION = 1;
				DEVELOPMENT_TEAM = 275WZ44CB7;
				GENERATE_INFOPLIST_FILE = YES;
				MARKETING_VERSION = 1.0;
				PRODUCT_BUNDLE_IDENTIFIER = com.dpecoraro.LandmarksUITests;
				PRODUCT_NAME = "$(TARGET_NAME)";
				SWIFT_EMIT_LOC_STRINGS = NO;
				SWIFT_VERSION = 5.0;
				TARGETED_DEVICE_FAMILY = "1,2";
				TEST_TARGET_NAME = Landmarks;
			};
			name = Release;
		};
/* End XCBuildConfiguration section */

/* Begin XCConfigurationList section */
		B7D5DAAE2C752DDB00C7C496 /* Build configuration list for PBXProject "Landmarks" */ = {
			isa = XCConfigurationList;
			buildConfigurations = (
				B7D5DAD52C752DDC00C7C496 /* Debug */,
				B7D5DAD62C752DDC00C7C496 /* Release */,
			);
			defaultConfigurationIsVisible = 0;
			defaultConfigurationName = Release;
		};
		B7D5DAD72C752DDC00C7C496 /* Build configuration list for PBXNativeTarget "Landmarks" */ = {
			isa = XCConfigurationList;
			buildConfigurations = (
				B7D5DAD82C752DDC00C7C496 /* Debug */,
				B7D5DAD92C752DDC00C7C496 /* Release */,
			);
			defaultConfigurationIsVisible = 0;
			defaultConfigurationName = Release;
		};
		B7D5DADA2C752DDC00C7C496 /* Build configuration list for PBXNativeTarget "LandmarksTests" */ = {
			isa = XCConfigurationList;
			buildConfigurations = (
				B7D5DADB2C752DDC00C7C496 /* Debug */,
				B7D5DADC2C752DDC00C7C496 /* Release */,
			);
			defaultConfigurationIsVisible = 0;
			defaultConfigurationName = Release;
		};
		B7D5DADD2C752DDC00C7C496 /* Build configuration list for PBXNativeTarget "LandmarksUITests" */ = {
			isa = XCConfigurationList;
			buildConfigurations = (
				B7D5DADE2C752DDC00C7C496 /* Debug */,
				B7D5DADF2C752DDC00C7C496 /* Release */,
			);
			defaultConfigurationIsVisible = 0;
			defaultConfigurationName = Release;
		};
/* End XCConfigurationList section */
	};
	rootObject = B7D5DAAB2C752DDB00C7C496 /* Project object */;
}
